
Microsoft Visual Studio Solution File, Format Version 12.00
# Visual Studio 15
VisualStudioVersion = 15.0.28307.421
MinimumVisualStudioVersion = 10.0.40219.1
Project("{FAE04EC0-301F-11D3-BF4B-00C04F79EFBC}") = "PetcareTests", "PetcareTests\PetcareTests.csproj", "{12ABD1C0-B171-4C9F-AFB3-C9D8658C855F}"
EndProject
Project("{2150E333-8FDC-42A3-9474-1A3956D46DE8}") = "Solution Items", "Solution Items", "{2433FBC4-1906-4A33-8EAA-C633BDAC2588}"
EndProject
Global
	GlobalSection(SolutionConfigurationPlatforms) = preSolution
		Debug|Any CPU = Debug|Any CPU
		Release|Any CPU = Release|Any CPU
	EndGlobalSection
	GlobalSection(ProjectConfigurationPlatforms) = postSolution
		{12ABD1C0-B171-4C9F-AFB3-C9D8658C855F}.Debug|Any CPU.ActiveCfg = Debug|Any CPU
		{12ABD1C0-B171-4C9F-AFB3-C9D8658C855F}.Debug|Any CPU.Build.0 = Debug|Any CPU
		{12ABD1C0-B171-4C9F-AFB3-C9D8658C855F}.Release|Any CPU.ActiveCfg = Release|Any CPU
		{12ABD1C0-B171-4C9F-AFB3-C9D8658C855F}.Release|Any CPU.Build.0 = Release|Any CPU
	EndGlobalSection
	GlobalSection(SolutionProperties) = preSolution
		HideSolutionNode = FALSE
	EndGlobalSection
	GlobalSection(ExtensibilityGlobals) = postSolution
		SolutionGuid = {6A36A559-65E4-47C5-9C8F-D2BBA85554C5}
	EndGlobalSection
EndGlobal
